langcode: en
status: true
dependencies: {  }
id: view_block
label: 'View Block'
icon_uuid: 5f4fae52-c8d8-4c58-8c23-845eb757a670
icon_default: 'data:image/svg+xml;base64,PHN2ZyB4bWxucz0iaHR0cDovL3d3dy53My5vcmcvMjAwMC9zdmciIHZpZXdCb3g9IjAgMCA1MTIgNTEyIj4KICA8ZyBpZD0iU3F1YXJlX0ZyYW1lIiBkYXRhLW5hbWU9IlNxdWFyZSBGcmFtZSI+CiAgICA8Zz4KICAgICAgPHJlY3QgeD0iMTAiIHk9IjEwIiB3aWR0aD0iNDkyIiBoZWlnaHQ9IjQ5MiIgcng9IjcwIiBzdHlsZT0iZmlsbDogI2ZmZiIvPgogICAgICA8cGF0aCBkPSJNNDMyLDIwYTYwLjIzLDYwLjIzLDAsMCwxLDYwLDYwVjQzMmE2MC4yMyw2MC4yMywwLDAsMS02MCw2MEg4MGE2MC4yMyw2MC4yMywwLDAsMS02MC02MFY4MEE2MC4yMyw2MC4yMywwLDAsMSw4MCwyMEg0MzJtMC0yMEg4MEE4MC4yNCw4MC4yNCwwLDAsMCwwLDgwVjQzMmE4MC4yNCw4MC4yNCwwLDAsMCw4MCw4MEg0MzJhODAuMjQsODAuMjQsMCwwLDAsODAtODBWODBBODAuMjQsODAuMjQsMCwwLDAsNDMyLDBaIi8+CiAgICA8L2c+CiAgPC9nPgogIDxnIGlkPSJ2aWV3Ij4KICAgIDxnPgogICAgICA8Zz4KICAgICAgICA8Zz4KICAgICAgICAgIDxwYXRoIGQ9Ik0yNzIuODgsOTEuNjlhNDIuMiw0Mi4yLDAsMSwxLTQyLjIsNDIuMiw0Mi4zMiw0Mi4zMiwwLDAsMSw0Mi4yLTQyLjJtMC0yMS4xYTYzLjMsNjMuMywwLDEsMCw2My4zLDYzLjMsNjMuNDksNjMuNDksMCwwLDAtNjMuMy02My4zWiIvPgogICAgICAgICAgPGxpbmUgeDE9IjMwNy4xNiIgeTE9IjE3MC44MSIgeDI9IjM0Ni43MyIgeTI9IjIwOC4yNiIgc3R5bGU9ImZpbGw6IG5vbmU7c3Ryb2tlOiAjMDAwO3N0cm9rZS1taXRlcmxpbWl0OiAxMDtzdHJva2Utd2lkdGg6IDIwcHgiLz4KICAgICAgICA8L2c+CiAgICAgICAgPHBvbHlnb24gcG9pbnRzPSIyMDAuNjIgNzYuMzkgNjAuODQgNzYuMzkgNjAuODQgMTgzLjQ3IDE3MS42IDE4My40NyAxNzEuNiAxNjMuOTYgODAuMzUgMTYzLjk2IDgwLjM1IDk1LjkxIDIwMC42MiA5NS45MSAyMDAuNjIgNzYuMzkiLz4KICAgICAgICA8cG9seWdvbiBwb2ludHM9IjM1MC45NCA3Ni4zOSAzNTAuOTQgOTUuOTEgNDMxLjY1IDk1LjkxIDQzMS42NSAxNjMuOTYgMzgwLjQ4IDE2My45NiAzODAuNDggMTgzLjQ3IDQ1MS4xNyAxODMuNDcgNDUxLjE3IDc2LjM5IDM1MC45NCA3Ni4zOSIvPgogICAgICAgIDxyZWN0IHg9IjkyLjQ4IiB5PSIxMTAuNjgiIHdpZHRoPSIxOS41MiIgaGVpZ2h0PSIzOS4wMyIvPgogICAgICA8L2c+CiAgICAgIDxyZWN0IHg9Ijc4LjI0IiB5PSIyOTguOTkiIHdpZHRoPSIzNTUuNTIiIGhlaWdodD0iMjEuMSIvPgogICAgICA8cmVjdCB4PSI3OC4yNCIgeT0iMzc4LjExIiB3aWR0aD0iMzU1LjUyIiBoZWlnaHQ9IjIxLjEiLz4KICAgICAgPHJlY3QgeD0iNzguMjQiIHk9IjQyMC4zMSIgd2lkdGg9IjIxMi4wNCIgaGVpZ2h0PSIyMS4xIi8+CiAgICAgIDxyZWN0IHg9Ijc4LjI0IiB5PSIyNTYuNzkiIHdpZHRoPSI5Ny41OCIgaGVpZ2h0PSIyMS4xIi8+CiAgICA8L2c+CiAgPC9nPgo8L3N2Zz4K'
description: 'Place a view on a page.'
behavior_plugins: {  }
